Microsoft Visual Studio Solution File, Format Version 12.00
# Visual Studio Version 17
VisualStudioVersion = 17.5.2.0
MinimumVisualStudioVersion = 10.0.40219.1
Project("{FAE04EC0-301F-11D3-BF4B-00C04F79EFBC}") = "OrbitOps.API", "OrbitOps.API\OrbitOps.API.csproj", "{E9A635CC-68A6-7A02-8126-61A8F1929C2C}"
EndProject
Global
	GlobalSection(SolutionConfigurationPlatforms) = preSolution
		Debug|Any CPU = Debug|Any CPU
		Release|Any CPU = Release|Any CPU
	EndGlobalSection
	GlobalSection(ProjectConfigurationPlatforms) = postSolution
		{E9A635CC-68A6-7A02-8126-61A8F1929C2C}.Debug|Any CPU.ActiveCfg = Debug|Any CPU
		{E9A635CC-68A6-7A02-8126-61A8F1929C2C}.Debug|Any CPU.Build.0 = Debug|Any CPU
		{E9A635CC-68A6-7A02-8126-61A8F1929C2C}.Release|Any CPU.ActiveCfg = Release|Any CPU
		{E9A635CC-68A6-7A02-8126-61A8F1929C2C}.Release|Any CPU.Build.0 = Release|Any CPU
	EndGlobalSection
	GlobalSection(SolutionProperties) = preSolution
		HideSolutionNode = FALSE
	EndGlobalSection
	GlobalSection(ExtensibilityGlobals) = postSolution
		SolutionGuid = {E6818866-1B00-4992-BF33-7F8F29A7F2A8}
	EndGlobalSection
EndGlobal
